// !$*UTF8*$!
{
	archiveVersion = 1;
	classes = {
	};
	objectVersion = 50;
	objects = {

/* Begin PBXBuildFile section */
		938E241521D4CA320041BA4B /* AppDelegate.m in Sources */ = {isa = PBXBuildFile; fileRef = 938E241421D4CA320041BA4B /* AppDelegate.m */; };
		938E241821D4CA320041BA4B /* ViewController.m in Sources */ = {isa = PBXBuildFile; fileRef = 938E241721D4CA320041BA4B /* ViewController.m */; };
		938E241B21D4CA320041BA4B /* Main.storyboard in Resources */ = {isa = PBXBuildFile; fileRef = 938E241921D4CA320041BA4B /* Main.storyboard */; };
		938E241D21D4CA360041BA4B /* Assets.xcassets in Resources */ = {isa = PBXBuildFile; fileRef = 938E241C21D4CA360041BA4B /* Assets.xcassets */; };
		938E242021D4CA360041BA4B /* LaunchScreen.storyboard in Resources */ = {isa = PBXBuildFile; fileRef = 938E241E21D4CA360041BA4B /* LaunchScreen.storyboard */; };
		938E242321D4CA360041BA4B /* main.m in Sources */ = {isa = PBXBuildFile; fileRef = 938E242221D4CA360041BA4B /* main.m */; };
		938E242D21D4CA360041BA4B /* getClassDiffentTests.m in Sources */ = {isa = PBXBuildFile; fileRef = 938E242C21D4CA360041BA4B /* getClassDiffentTests.m */; };
		938E243821D4CA360041BA4B /* getClassDiffentUITests.m in Sources */ = {isa = PBXBuildFile; fileRef = 938E243721D4CA360041BA4B /* getClassDiffentUITests.m */; };
/* End PBXBuildFile section */

/* Begin PBXContainerItemProxy section */
		938E242921D4CA360041BA4B /* PBXContainerItemProxy */ = {
			isa = PBXContainerItemProxy;
			containerPortal = 938E240821D4CA320041BA4B /* Project object */;
			proxyType = 1;
			remoteGlobalIDString = 938E240F21D4CA320041BA4B;
			remoteInfo = getClassDiffent;
		};
		938E243421D4CA360041BA4B /* PBXContainerItemProxy */ = {
			isa = PBXContainerItemProxy;
			containerPortal = 938E240821D4CA320041BA4B /* Project object */;
			proxyType = 1;
			remoteGlobalIDString = 938E240F21D4CA320041BA4B;
			remoteInfo = getClassDiffent;
		};
/* End PBXContainerItemProxy section */

/* Begin PBXFileReference section */
		938E241021D4CA320041BA4B /* getClassDiffent.app */ = {isa = PBXFileReference; explicitFileType = wrapper.application; includeInIndex = 0; path = getClassDiffent.app; sourceTree = BUILT_PRODUCTS_DIR; };
		938E241321D4CA320041BA4B /* AppDelegate.h */ = {isa = PBXFileReference; lastKnownFileType = sourcecode.c.h; path = AppDelegate.h; sourceTree = "<group>"; };
		938E241421D4CA320041BA4B /* AppDelegate.m */ = {isa = PBXFileReference; lastKnownFileType = sourcecode.c.objc; path = AppDelegate.m; sourceTree = "<group>"; };
		938E241621D4CA320041BA4B /* ViewController.h */ = {isa = PBXFileReference; lastKnownFileType = sourcecode.c.h; path = ViewController.h; sourceTree = "<group>"; };
		938E241721D4CA320041BA4B /* ViewController.m */ = {isa = PBXFileReference; lastKnownFileType = sourcecode.c.objc; path = ViewController.m; sourceTree = "<group>"; };
		938E241A21D4CA320041BA4B /* Base */ = {isa = PBXFileReference; lastKnownFileType = file.storyboard; name = Base; path = Base.lproj/Main.storyboard; sourceTree = "<group>"; };
		938E241C21D4CA360041BA4B /* Assets.xcassets */ = {isa = PBXFileReference; lastKnownFileType = folder.assetcatalog; path = Assets.xcassets; sourceTree = "<group>"; };
		938E241F21D4CA360041BA4B /* Base */ = {isa = PBXFileReference; lastKnownFileType = file.storyboard; name = Base; path = Base.lproj/LaunchScreen.storyboard; sourceTree = "<group>"; };
		938E242121D4CA360041BA4B /* Info.plist */ = {isa = PBXFileReference; lastKnownFileType = text.plist.xml; path = Info.plist; sourceTree = "<group>"; };
		938E242221D4CA360041BA4B /* main.m */ = {isa = PBXFileReference; lastKnownFileType = sourcecode.c.objc; path = main.m; sourceTree = "<group>"; };
		938E242821D4CA360041BA4B /* getClassDiffentTests.xctest */ = {isa = PBXFileReference; explicitFileType = wrapper.cfbundle; includeInIndex = 0; path = getClassDiffentTests.xctest; sourceTree = BUILT_PRODUCTS_DIR; };
		938E242C21D4CA360041BA4B /* getClassDiffentTests.m */ = {isa = PBXFileReference; lastKnownFileType = sourcecode.c.objc; path = getClassDiffentTests.m; sourceTree = "<group>"; };
		938E242E21D4CA360041BA4B /* Info.plist */ = {isa = PBXFileReference; lastKnownFileType = text.plist.xml; path = Info.plist; sourceTree = "<group>"; };
		938E243321D4CA360041BA4B /* getClassDiffentUITests.xctest */ = {isa = PBXFileReference; explicitFileType = wrapper.cfbundle; includeInIndex = 0; path = getClassDiffentUITests.xctest; sourceTree = BUILT_PRODUCTS_DIR; };
		938E243721D4CA360041BA4B /* getClassDiffentUITests.m */ = {isa = PBXFileReference; lastKnownFileType = sourcecode.c.objc; path = getClassDiffentUITests.m; sourceTree = "<group>"; };
		938E243921D4CA360041BA4B /* Info.plist */ = {isa = PBXFileReference; lastKnownFileType = text.plist.xml; path = Info.plist; sourceTree = "<group>"; };
/* End PBXFileReference section */

/* Begin PBXFrameworksBuildPhase section */
		938E240D21D4CA320041BA4B /* Frameworks */ = {
			isa = PBXFrameworksBuildPhase;
			buildActionMask = 2147483647;
			files = (
			);
			runOnlyForDeploymentPostprocessing = 0;
		};
		938E242521D4CA360041BA4B /* Frameworks */ = {
			isa = PBXFrameworksBuildPhase;
			buildActionMask = 2147483647;
			files = (
			);
			runOnlyForDeploymentPostprocessing = 0;
		};
		938E243021D4CA360041BA4B /* Frameworks */ = {
			isa = PBXFrameworksBuildPhase;
			buildActionMask = 2147483647;
			files = (
			);
			runOnlyForDeploymentPostprocessing = 0;
		};
/* End PBXFrameworksBuildPhase section */

/* Begin PBXGroup section */
		938E240721D4CA320041BA4B = {
			isa = PBXGroup;
			children = (
				938E241221D4CA320041BA4B /* getClassDiffent */,
				938E242B21D4CA360041BA4B /* getClassDiffentTests */,
				938E243621D4CA360041BA4B /* getClassDiffentUITests */,
				938E241121D4CA320041BA4B /* Products */,
			);
			sourceTree = "<group>";
		};
		938E241121D4CA320041BA4B /* Products */ = {
			isa = PBXGroup;
			children = (
				938E241021D4CA320041BA4B /* getClassDiffent.app */,
				938E242821D4CA360041BA4B /* getClassDiffentTests.xctest */,
				938E243321D4CA360041BA4B /* getClassDiffentUITests.xctest */,
			);
			name = Products;
			sourceTree = "<group>";
		};
		938E241221D4CA320041BA4B /* getClassDiffent */ = {
			isa = PBXGroup;
			children = (
				938E241321D4CA320041BA4B /* AppDelegate.h */,
				938E241421D4CA320041BA4B /* AppDelegate.m */,
				938E241621D4CA320041BA4B /* ViewController.h */,
				938E241721D4CA320041BA4B /* ViewController.m */,
				938E241921D4CA320041BA4B /* Main.storyboard */,
				938E241C21D4CA360041BA4B /* Assets.xcassets */,
				938E241E21D4CA360041BA4B /* LaunchScreen.storyboard */,
				938E242121D4CA360041BA4B /* Info.plist */,
				938E242221D4CA360041BA4B /* main.m */,
			);
			path = getClassDiffent;
			sourceTree = "<group>";
		};
		938E242B21D4CA360041BA4B /* getClassDiffentTests */ = {
			isa = PBXGroup;
			children = (
				938E242C21D4CA360041BA4B /* getClassDiffentTests.m */,
				938E242E21D4CA360041BA4B /* Info.plist */,
			);
			path = getClassDiffentTests;
			sourceTree = "<group>";
		};
		938E243621D4CA360041BA4B /* getClassDiffentUITests */ = {
			isa = PBXGroup;
			children = (
				938E243721D4CA360041BA4B /* getClassDiffentUITests.m */,
				938E243921D4CA360041BA4B /* Info.plist */,
			);
			path = getClassDiffentUITests;
			sourceTree = "<group>";
		};
/* End PBXGroup section */

/* Begin PBXNativeTarget section */
		938E240F21D4CA320041BA4B /* getClassDiffent */ = {
			isa = PBXNativeTarget;
			buildConfigurationList = 938E243C21D4CA360041BA4B /* Build configuration list for PBXNativeTarget "getClassDiffent" */;
			buildPhases = (
				938E240C21D4CA320041BA4B /* Sources */,
				938E240D21D4CA320041BA4B /* Frameworks */,
				938E240E21D4CA320041BA4B /* Resources */,
			);
			buildRules = (
			);
			dependencies = (
			);
			name = getClassDiffent;
			productName = getClassDiffent;
			productReference = 938E241021D4CA320041BA4B /* getClassDiffent.app */;
			productType = "com.apple.product-type.application";
		};
		938E242721D4CA360041BA4B /* getClassDiffentTests */ = {
			isa = PBXNativeTarget;
			buildConfigurationList = 938E243F21D4CA360041BA4B /* Build configuration list for PBXNativeTarget "getClassDiffentTests" */;
			buildPhases = (
				938E242421D4CA360041BA4B /* Sources */,
				938E242521D4CA360041BA4B /* Frameworks */,
				938E242621D4CA360041BA4B /* Resources */,
			);
			buildRules = (
			);
			dependencies = (
				938E242A21D4CA360041BA4B /* PBXTargetDependency */,
			);
			name = getClassDiffentTests;
			productName = getClassDiffentTests;
			productReference = 938E242821D4CA360041BA4B /* getClassDiffentTests.xctest */;
			productType = "com.apple.product-type.bundle.unit-test";
		};
		938E243221D4CA360041BA4B /* getClassDiffentUITests */ = {
			isa = PBXNativeTarget;
			buildConfigurationList = 938E244221D4CA360041BA4B /* Build configuration list for PBXNativeTarget "getClassDiffentUITests" */;
			buildPhases = (
				938E242F21D4CA360041BA4B /* Sources */,
				938E243021D4CA360041BA4B /* Frameworks */,
				938E243121D4CA360041BA4B /* Resources */,
			);
			buildRules = (
			);
			dependencies = (
				938E243521D4CA360041BA4B /* PBXTargetDependency */,
			);
			name = getClassDiffentUITests;
			productName = getClassDiffentUITests;
			productReference = 938E243321D4CA360041BA4B /* getClassDiffentUITests.xctest */;
			productType = "com.apple.product-type.bundle.ui-testing";
		};
/* End PBXNativeTarget section */

/* Begin PBXProject section */
		938E240821D4CA320041BA4B /* Project object */ = {
			isa = PBXProject;
			attributes = {
				LastUpgradeCheck = 1010;
				ORGANIZATIONNAME = luyubiao;
				TargetAttributes = {
					938E240F21D4CA320041BA4B = {
						CreatedOnToolsVersion = 10.1;
					};
					938E242721D4CA360041BA4B = {
						CreatedOnToolsVersion = 10.1;
						TestTargetID = 938E240F21D4CA320041BA4B;
					};
					938E243221D4CA360041BA4B = {
						CreatedOnToolsVersion = 10.1;
						TestTargetID = 938E240F21D4CA320041BA4B;
					};
				};
			};
			buildConfigurationList = 938E240B21D4CA320041BA4B /* Build configuration list for PBXProject "getClassDiffent" */;
			compatibilityVersion = "Xcode 9.3";
			developmentRegion = en;
			hasScannedForEncodings = 0;
			knownRegions = (
				en,
				Base,
			);
			mainGroup = 938E240721D4CA320041BA4B;
			productRefGroup = 938E241121D4CA320041BA4B /* Products */;
			projectDirPath = "";
			projectRoot = "";
			targets = (
				938E240F21D4CA320041BA4B /* getClassDiffent */,
				938E242721D4CA360041BA4B /* getClassDiffentTests */,
				938E243221D4CA360041BA4B /* getClassDiffentUITests */,
			);
		};
/* End PBXProject section */

/* Begin PBXResourcesBuildPhase section */
		938E240E21D4CA320041BA4B /* Resources */ = {
			isa = PBXResourcesBuildPhase;
			buildActionMask = 2147483647;
			files = (
				938E242021D4CA360041BA4B /* LaunchScreen.storyboard in Resources */,
				938E241D21D4CA360041BA4B /* Assets.xcassets in Resources */,
				938E241B21D4CA320041BA4B /* Main.storyboard in Resources */,
			);
			runOnlyForDeploymentPostprocessing = 0;
		};
		938E242621D4CA360041BA4B /* Resources */ = {
			isa = PBXResourcesBuildPhase;
			buildActionMask = 2147483647;
			files = (
			);
			runOnlyForDeploymentPostprocessing = 0;
		};
		938E243121D4CA360041BA4B /* Resources */ = {
			isa = PBXResourcesBuildPhase;
			buildActionMask = 2147483647;
			files = (
			);
			runOnlyForDeploymentPostprocessing = 0;
		};
/* End PBXResourcesBuildPhase section */

/* Begin PBXSourcesBuildPhase section */
		938E240C21D4CA320041BA4B /* Sources */ = {
			isa = PBXSourcesBuildPhase;
			buildActionMask = 2147483647;
			files = (
				938E241821D4CA320041BA4B /* ViewController.m in Sources */,
				938E242321D4CA360041BA4B /* main.m in Sources */,
				938E241521D4CA320041BA4B /* AppDelegate.m in Sources */,
			);
			runOnlyForDeploymentPostprocessing = 0;
		};
		938E242421D4CA360041BA4B /* Sources */ = {
			isa = PBXSourcesBuildPhase;
			buildActionMask = 2147483647;
			files = (
				938E242D21D4CA360041BA4B /* getClassDiffentTests.m in Sources */,
			);
			runOnlyForDeploymentPostprocessing = 0;
		};
		938E242F21D4CA360041BA4B /* Sources */ = {
			isa = PBXSourcesBuildPhase;
			buildActionMask = 2147483647;
			files = (
				938E243821D4CA360041BA4B /* getClassDiffentUITests.m in Sources */,
			);
			runOnlyForDeploymentPostprocessing = 0;
		};
/* End PBXSourcesBuildPhase section */

/* Begin PBXTargetDependency section */
		938E242A21D4CA360041BA4B /* PBXTargetDependency */ = {
			isa = PBXTargetDependency;
			target = 938E240F21D4CA320041BA4B /* getClassDiffent */;
			targetProxy = 938E242921D4CA360041BA4B /* PBXContainerItemProxy */;
		};
		938E243521D4CA360041BA4B /* PBXTargetDependency */ = {
			isa = PBXTargetDependency;
			target = 938E240F21D4CA320041BA4B /* getClassDiffent */;
			targetProxy = 938E243421D4CA360041BA4B /* PBXContainerItemProxy */;
		};
/* End PBXTargetDependency section */

/* Begin PBXVariantGroup section */
		938E241921D4CA320041BA4B /* Main.storyboard */ = {
			isa = PBXVariantGroup;
			children = (
				938E241A21D4CA320041BA4B /* Base */,
			);
			name = Main.storyboard;
			sourceTree = "<group>";
		};
		938E241E21D4CA360041BA4B /* LaunchScreen.storyboard */ = {
			isa = PBXVariantGroup;
			children = (
				938E241F21D4CA360041BA4B /* Base */,
			);
			name = LaunchScreen.storyboard;
			sourceTree = "<group>";
		};
/* End PBXVariantGroup section */

/* Begin XCBuildConfiguration section */
		938E243A21D4CA360041BA4B /* Debug */ = {
			isa = XCBuildConfiguration;
			buildSettings = {
				ALWAYS_SEARCH_USER_PATHS = NO;
				CLANG_ANALYZER_NONNULL = YES;
				CLANG_ANALYZER_NUMBER_OBJECT_CONVERSION = YES_AGGRESSIVE;
				CLANG_CXX_LANGUAGE_STANDARD = "gnu++14";
				CLANG_CXX_LIBRARY = "libc++";
				CLANG_ENABLE_MODULES = YES;
				CLANG_ENABLE_OBJC_ARC = YES;
				CLANG_ENABLE_OBJC_WEAK = YES;
				CLANG_WARN_BLOCK_CAPTURE_AUTORELEASING = YES;
				CLANG_WARN_BOOL_CONVERSION = YES;
				CLANG_WARN_COMMA = YES;
				CLANG_WARN_CONSTANT_CONVERSION = YES;
				CLANG_WARN_DEPRECATED_OBJC_IMPLEMENTATIONS = YES;
				CLANG_WARN_DIRECT_OBJC_ISA_USAGE = YES_ERROR;
				CLANG_WARN_DOCUMENTATION_COMMENTS = YES;
				CLANG_WARN_EMPTY_BODY = YES;
				CLANG_WARN_ENUM_CONVERSION = YES;
				CLANG_WARN_INFINITE_RECURSION = YES;
				CLANG_WARN_INT_CONVERSION = YES;
				CLANG_WARN_NON_LITERAL_NULL_CONVERSION = YES;
				CLANG_WARN_OBJC_IMPLICIT_RETAIN_SELF = YES;
				CLANG_WARN_OBJC_LITERAL_CONVERSION = YES;
				CLANG_WARN_OBJC_ROOT_CLASS = YES_ERROR;
				CLANG_WARN_RANGE_LOOP_ANALYSIS = YES;
				CLANG_WARN_STRICT_PROTOTYPES = YES;
				CLANG_WARN_SUSPICIOUS_MOVE = YES;
				CLANG_WARN_UNGUARDED_AVAILABILITY = YES_AGGRESSIVE;
				CLANG_WARN_UNREACHABLE_CODE = YES;
				CLANG_WARN__DUPLICATE_METHOD_MATCH = YES;
				CODE_SIGN_IDENTITY = "iPhone Developer";
				COPY_PHASE_STRIP = NO;
				DEBUG_INFORMATION_FORMAT = dwarf;
				ENABLE_STRICT_OBJC_MSGSEND = YES;
				ENABLE_TESTABILITY = YES;
				GCC_C_LANGUAGE_STANDARD = gnu11;
				GCC_DYNAMIC_NO_PIC = NO;
				GCC_NO_COMMON_BLOCKS = YES;
				GCC_OPTIMIZATION_LEVEL = 0;
				GCC_PREPROCESSOR_DEFINITIONS = (
					"DEBUG=1",
					"$(inherited)",
				);
				GCC_WARN_64_TO_32_BIT_CONVERSION = YES;
				GCC_WARN_ABOUT_RETURN_TYPE = YES_ERROR;
				GCC_WARN_UNDECLARED_SELECTOR = YES;
				GCC_WARN_UNINITIALIZED_AUTOS = YES_AGGRESSIVE;
				GCC_WARN_UNUSED_FUNCTION = YES;
				GCC_WARN_UNUSED_VARIABLE = YES;
				IPHONEOS_DEPLOYMENT_TARGET = 12.1;
				MTL_ENABLE_DEBUG_INFO = INCLUDE_SOURCE;
				MTL_FAST_MATH = YES;
				ONLY_ACTIVE_ARCH = YES;
				SDKROOT = iphoneos;
			};
			name = Debug;
		};
		938E243B21D4CA360041BA4B /* Release */ = {
			isa = XCBuildConfiguration;
			buildSettings = {
				ALWAYS_SEARCH_USER_PATHS = NO;
				CLANG_ANALYZER_NONNULL = YES;
				CLANG_ANALYZER_NUMBER_OBJECT_CONVERSION = YES_AGGRESSIVE;
				CLANG_CXX_LANGUAGE_STANDARD = "gnu++14";
				CLANG_CXX_LIBRARY = "libc++";
				CLANG_ENABLE_MODULES = YES;
				CLANG_ENABLE_OBJC_ARC = YES;
				CLANG_ENABLE_OBJC_WEAK = YES;
				CLANG_WARN_BLOCK_CAPTURE_AUTORELEASING = YES;
				CLANG_WARN_BOOL_CONVERSION = YES;
				CLANG_WARN_COMMA = YES;
				CLANG_WARN_CONSTANT_CONVERSION = YES;
				CLANG_WARN_DEPRECATED_OBJC_IMPLEMENTATIONS = YES;
				CLANG_WARN_DIRECT_OBJC_ISA_USAGE = YES_ERROR;
				CLANG_WARN_DOCUMENTATION_COMMENTS = YES;
				CLANG_WARN_EMPTY_BODY = YES;
				CLANG_WARN_ENUM_CONVERSION = YES;
				CLANG_WARN_INFINITE_RECURSION = YES;
				CLANG_WARN_INT_CONVERSION = YES;
				CLANG_WARN_NON_LITERAL_NULL_CONVERSION = YES;
				CLANG_WARN_OBJC_IMPLICIT_RETAIN_SELF = YES;
				CLANG_WARN_OBJC_LITERAL_CONVERSION = YES;
				CLANG_WARN_OBJC_ROOT_CLASS = YES_ERROR;
				CLANG_WARN_RANGE_LOOP_ANALYSIS = YES;
				CLANG_WARN_STRICT_PROTOTYPES = YES;
				CLANG_WARN_SUSPICIOUS_MOVE = YES;
				CLANG_WARN_UNGUARDED_AVAILABILITY = YES_AGGRESSIVE;
				CLANG_WARN_UNREACHABLE_CODE = YES;
				CLANG_WARN__DUPLICATE_METHOD_MATCH = YES;
				CODE_SIGN_IDENTITY = "iPhone Developer";
				COPY_PHASE_STRIP = NO;
				DEBUG_INFORMATION_FORMAT = "dwarf-with-dsym";
				ENABLE_NS_ASSERTIONS = NO;
				ENABLE_STRICT_OBJC_MSGSEND = YES;
				GCC_C_LANGUAGE_STANDARD = gnu11;
				GCC_NO_COMMON_BLOCKS = YES;
				GCC_WARN_64_TO_32_BIT_CONVERSION = YES;
				GCC_WARN_ABOUT_RETURN_TYPE = YES_ERROR;
				GCC_WARN_UNDECLARED_SELECTOR = YES;
				GCC_WARN_UNINITIALIZED_AUTOS = YES_AGGRESSIVE;
				GCC_WARN_UNUSED_FUNCTION = YES;
				GCC_WARN_UNUSED_VARIABLE = YES;
				IPHONEOS_DEPLOYMENT_TARGET = 12.1;
				MTL_ENABLE_DEBUG_INFO = NO;
				MTL_FAST_MATH = YES;
				SDKROOT = iphoneos;
				VALIDATE_PRODUCT = YES;
			};
			name = Release;
		};
		938E243D21D4CA360041BA4B /* Debug */ = {
			isa = XCBuildConfiguration;
			buildSettings = {
				ASSETCATALOG_COMPILER_APPICON_NAME = AppIcon;
				CODE_SIGN_STYLE = Automatic;
				INFOPLIST_FILE = getClassDiffent/Info.plist;
				LD_RUNPATH_SEARCH_PATHS = (
					"$(inherited)",
					"@executable_path/Frameworks",
				);
				PRODUCT_BUNDLE_IDENTIFIER = biaoge.getClassDiffent;
				PRODUCT_NAME = "$(TARGET_NAME)";
				TARGETED_DEVICE_FAMILY = "1,2";
			};
			name = Debug;
		};
		938E243E21D4CA360041BA4B /* Release */ = {
			isa = XCBuildConfiguration;
			buildSettings = {
				ASSETCATALOG_COMPILER_APPICON_NAME = AppIcon;
				CODE_SIGN_STYLE = Automatic;
				INFOPLIST_FILE = getClassDiffent/Info.plist;
				LD_RUNPATH_SEARCH_PATHS = (
					"$(inherited)",
					"@executable_path/Frameworks",
				);
				PRODUCT_BUNDLE_IDENTIFIER = biaoge.getClassDiffent;
				PRODUCT_NAME = "$(TARGET_NAME)";
				TARGETED_DEVICE_FAMILY = "1,2";
			};
			name = Release;
		};
		938E244021D4CA360041BA4B /* Debug */ = {
			isa = XCBuildConfiguration;
			buildSettings = {
				BUNDLE_LOADER = "$(TEST_HOST)";
				CODE_SIGN_STYLE = Automatic;
				INFOPLIST_FILE = getClassDiffentTests/Info.plist;
				LD_RUNPATH_SEARCH_PATHS = (
					"$(inherited)",
					"@executable_path/Frameworks",
					"@loader_path/Frameworks",
				);
				PRODUCT_BUNDLE_IDENTIFIER = biaoge.getClassDiffentTests;
				PRODUCT_NAME = "$(TARGET_NAME)";
				TARGETED_DEVICE_FAMILY = "1,2";
				TEST_HOST = "$(BUILT_PRODUCTS_DIR)/getClassDiffent.app/getClassDiffent";
			};
			name = Debug;
		};
		938E244121D4CA360041BA4B /* Release */ = {
			isa = XCBuildConfiguration;
			buildSettings = {
				BUNDLE_LOADER = "$(TEST_HOST)";
				CODE_SIGN_STYLE = Automatic;
				INFOPLIST_FILE = getClassDiffentTests/Info.plist;
				LD_RUNPATH_SEARCH_PATHS = (
					"$(inherited)",
					"@executable_path/Frameworks",
					"@loader_path/Frameworks",
				);
				PRODUCT_BUNDLE_IDENTIFIER = biaoge.getClassDiffentTests;
				PRODUCT_NAME = "$(TARGET_NAME)";
				TARGETED_DEVICE_FAMILY = "1,2";
				TEST_HOST = "$(BUILT_PRODUCTS_DIR)/getClassDiffent.app/getClassDiffent";
			};
			name = Release;
		};
		938E244321D4CA360041BA4B /* Debug */ = {
			isa = XCBuildConfiguration;
			buildSettings = {
				CODE_SIGN_STYLE = Automatic;
				INFOPLIST_FILE = getClassDiffentUITests/Info.plist;
				LD_RUNPATH_SEARCH_PATHS = (
					"$(inherited)",
					"@executable_path/Frameworks",
					"@loader_path/Frameworks",
				);
				PRODUCT_BUNDLE_IDENTIFIER = biaoge.getClassDiffentUITests;
				PRODUCT_NAME = "$(TARGET_NAME)";
				TARGETED_DEVICE_FAMILY = "1,2";
				TEST_TARGET_NAME = getClassDiffent;
			};
			name = Debug;
		};
		938E244421D4CA360041BA4B /* Release */ = {
			isa = XCBuildConfiguration;
			buildSettings = {
				CODE_SIGN_STYLE = Automatic;
				INFOPLIST_FILE = getClassDiffentUITests/Info.plist;
				LD_RUNPATH_SEARCH_PATHS = (
					"$(inherited)",
					"@executable_path/Frameworks",
					"@loader_path/Frameworks",
				);
				PRODUCT_BUNDLE_IDENTIFIER = biaoge.getClassDiffentUITests;
				PRODUCT_NAME = "$(TARGET_NAME)";
				TARGETED_DEVICE_FAMILY = "1,2";
				TEST_TARGET_NAME = getClassDiffent;
			};
			name = Release;
		};
/* End XCBuildConfiguration section */

/* Begin XCConfigurationList section */
		938E240B21D4CA320041BA4B /* Build configuration list for PBXProject "getClassDiffent" */ = {
			isa = XCConfigurationList;
			buildConfigurations = (
				938E243A21D4CA360041BA4B /* Debug */,
				938E243B21D4CA360041BA4B /* Release */,
			);
			defaultConfigurationIsVisible = 0;
			defaultConfigurationName = Release;
		};
		938E243C21D4CA360041BA4B /* Build configuration list for PBXNativeTarget "getClassDiffent" */ = {
			isa = XCConfigurationList;
			buildConfigurations = (
				938E243D21D4CA360041BA4B /* Debug */,
				938E243E21D4CA360041BA4B /* Release */,
			);
			defaultConfigurationIsVisible = 0;
			defaultConfigurationName = Release;
		};
		938E243F21D4CA360041BA4B /* Build configuration list for PBXNativeTarget "getClassDiffentTests" */ = {
			isa = XCConfigurationList;
			buildConfigurations = (
				938E244021D4CA360041BA4B /* Debug */,
				938E244121D4CA360041BA4B /* Release */,
			);
			defaultConfigurationIsVisible = 0;
			defaultConfigurationName = Release;
		};
		938E244221D4CA360041BA4B /* Build configuration list for PBXNativeTarget "getClassDiffentUITests" */ = {
			isa = XCConfigurationList;
			buildConfigurations = (
				938E244321D4CA360041BA4B /* Debug */,
				938E244421D4CA360041BA4B /* Release */,
			);
			defaultConfigurationIsVisible = 0;
			defaultConfigurationName = Release;
		};
/* End XCConfigurationList section */
	};
	rootObject = 938E240821D4CA320041BA4B /* Project object */;
}
